
Microsoft Visual Studio Solution File, Format Version 12.00
# Visual Studio Version 17
VisualStudioVersion = 17.9.34714.143
MinimumVisualStudioVersion = 10.0.40219.1
Project("{9A19103F-16F7-4668-BE54-9A1E7A4F7556}") = "Shared", "Shared\Shared.csproj", "{078DB269-776C-4EDA-A9CD-D519D348C6C3}"
EndProject
Project("{9A19103F-16F7-4668-BE54-9A1E7A4F7556}") = "Windows", "Windows\Windows.csproj", "{3AD93562-9B4A-43E6-AD0C-95C8CFCE7468}"
EndProject
Project("{9A19103F-16F7-4668-BE54-9A1E7A4F7556}") = "ConsolaC#", "Consola\ConsolaC#.csproj", "{04B9D4A3-AA36-4290-A907-E9770C8D20EC}"
EndProject
Project("{9A19103F-16F7-4668-BE54-9A1E7A4F7556}") = "Web", "Web\Web.csproj", "{AA5EC977-F777-4D97-B640-32BEF07C09AA}"
EndProject
Project("{778DAE3C-4631-46EA-AA77-85C1314464D9}") = "SharedVB", "SharedVB\SharedVB.vbproj", "{D8B440E5-CC8E-4C58-BDBF-790BB2A45480}"
EndProject
Project("{778DAE3C-4631-46EA-AA77-85C1314464D9}") = "WindowsVB", "WindowsVB\WindowsVB.vbproj", "{C0DE5168-6C3C-4150-8A05-6D4604D5A730}"
EndProject
Project("{778DAE3C-4631-46EA-AA77-85C1314464D9}") = "ConsolaVB", "ConsolaVB\ConsolaVB.vbproj", "{C33F7C44-11BE-43D2-A1E1-6DC009689489}"
EndProject
Project("{54A90642-561A-4BB1-A94E-469ADEE60C69}") = "reactproject", "..\ReactProject\reactproject\reactproject.esproj", "{6AD21A6B-FA4F-47A7-B35F-CA8F49D78569}"
EndProject
Global
	GlobalSection(SolutionConfigurationPlatforms) = preSolution
		Debug|Any CPU = Debug|Any CPU
		Release|Any CPU = Release|Any CPU
	EndGlobalSection
	GlobalSection(ProjectConfigurationPlatforms) = postSolution
		{078DB269-776C-4EDA-A9CD-D519D348C6C3}.Debug|Any CPU.ActiveCfg = Debug|Any CPU
		{078DB269-776C-4EDA-A9CD-D519D348C6C3}.Debug|Any CPU.Build.0 = Debug|Any CPU
		{078DB269-776C-4EDA-A9CD-D519D348C6C3}.Release|Any CPU.ActiveCfg = Release|Any CPU
		{078DB269-776C-4EDA-A9CD-D519D348C6C3}.Release|Any CPU.Build.0 = Release|Any CPU
		{3AD93562-9B4A-43E6-AD0C-95C8CFCE7468}.Debug|Any CPU.ActiveCfg = Debug|Any CPU
		{3AD93562-9B4A-43E6-AD0C-95C8CFCE7468}.Debug|Any CPU.Build.0 = Debug|Any CPU
		{3AD93562-9B4A-43E6-AD0C-95C8CFCE7468}.Release|Any CPU.ActiveCfg = Release|Any CPU
		{3AD93562-9B4A-43E6-AD0C-95C8CFCE7468}.Release|Any CPU.Build.0 = Release|Any CPU
		{04B9D4A3-AA36-4290-A907-E9770C8D20EC}.Debug|Any CPU.ActiveCfg = Debug|Any CPU
		{04B9D4A3-AA36-4290-A907-E9770C8D20EC}.Debug|Any CPU.Build.0 = Debug|Any CPU
		{04B9D4A3-AA36-4290-A907-E9770C8D20EC}.Release|Any CPU.ActiveCfg = Release|Any CPU
		{04B9D4A3-AA36-4290-A907-E9770C8D20EC}.Release|Any CPU.Build.0 = Release|Any CPU
		{AA5EC977-F777-4D97-B640-32BEF07C09AA}.Debug|Any CPU.ActiveCfg = Debug|Any CPU
		{AA5EC977-F777-4D97-B640-32BEF07C09AA}.Debug|Any CPU.Build.0 = Debug|Any CPU
		{AA5EC977-F777-4D97-B640-32BEF07C09AA}.Release|Any CPU.ActiveCfg = Release|Any CPU
		{AA5EC977-F777-4D97-B640-32BEF07C09AA}.Release|Any CPU.Build.0 = Release|Any CPU
		{D8B440E5-CC8E-4C58-BDBF-790BB2A45480}.Debug|Any CPU.ActiveCfg = Debug|Any CPU
		{D8B440E5-CC8E-4C58-BDBF-790BB2A45480}.Debug|Any CPU.Build.0 = Debug|Any CPU
		{D8B440E5-CC8E-4C58-BDBF-790BB2A45480}.Release|Any CPU.ActiveCfg = Release|Any CPU
		{D8B440E5-CC8E-4C58-BDBF-790BB2A45480}.Release|Any CPU.Build.0 = Release|Any CPU
		{C0DE5168-6C3C-4150-8A05-6D4604D5A730}.Debug|Any CPU.ActiveCfg = Debug|Any CPU
		{C0DE5168-6C3C-4150-8A05-6D4604D5A730}.Debug|Any CPU.Build.0 = Debug|Any CPU
		{C0DE5168-6C3C-4150-8A05-6D4604D5A730}.Release|Any CPU.ActiveCfg = Release|Any CPU
		{C0DE5168-6C3C-4150-8A05-6D4604D5A730}.Release|Any CPU.Build.0 = Release|Any CPU
		{C33F7C44-11BE-43D2-A1E1-6DC009689489}.Debug|Any CPU.ActiveCfg = Debug|Any CPU
		{C33F7C44-11BE-43D2-A1E1-6DC009689489}.Debug|Any CPU.Build.0 = Debug|Any CPU
		{C33F7C44-11BE-43D2-A1E1-6DC009689489}.Release|Any CPU.ActiveCfg = Release|Any CPU
		{C33F7C44-11BE-43D2-A1E1-6DC009689489}.Release|Any CPU.Build.0 = Release|Any CPU
		{6AD21A6B-FA4F-47A7-B35F-CA8F49D78569}.Debug|Any CPU.ActiveCfg = Debug|Any CPU
		{6AD21A6B-FA4F-47A7-B35F-CA8F49D78569}.Debug|Any CPU.Build.0 = Debug|Any CPU
		{6AD21A6B-FA4F-47A7-B35F-CA8F49D78569}.Debug|Any CPU.Deploy.0 = Debug|Any CPU
		{6AD21A6B-FA4F-47A7-B35F-CA8F49D78569}.Release|Any CPU.ActiveCfg = Release|Any CPU
		{6AD21A6B-FA4F-47A7-B35F-CA8F49D78569}.Release|Any CPU.Build.0 = Release|Any CPU
		{6AD21A6B-FA4F-47A7-B35F-CA8F49D78569}.Release|Any CPU.Deploy.0 = Release|Any CPU
	EndGlobalSection
	GlobalSection(SolutionProperties) = preSolution
		HideSolutionNode = FALSE
	EndGlobalSection
	GlobalSection(ExtensibilityGlobals) = postSolution
		SolutionGuid = {DC8C6498-E998-4347-B8C5-C96B98F781A5}
	EndGlobalSection
EndGlobal
